
Microsoft Visual Studio Solution File, Format Version 12.00
# Visual Studio Version 17
VisualStudioVersion = 17.12.35209.166
MinimumVisualStudioVersion = 10.0.40219.1
Project("{FAE04EC0-301F-11D3-BF4B-00C04F79EFBC}") = "Taogar.WebApi.EndPointsBuilder", "Taogar.WebApi.EndPointsBuilder\Taogar.WebApi.EndPointsBuilder.csproj", "{5D75F41D-63A2-4904-ABF3-2A696333E037}"
EndProject
Project("{FAE04EC0-301F-11D3-BF4B-00C04F79EFBC}") = "WebApiTest", "WebApiTest\WebApiTest.csproj", "{68223EF8-1487-49DC-BF50-1A7F41979D5A}"
EndProject
Global
	GlobalSection(SolutionConfigurationPlatforms) = preSolution
		Debug|Any CPU = Debug|Any CPU
		Release|Any CPU = Release|Any CPU
	EndGlobalSection
	GlobalSection(ProjectConfigurationPlatforms) = postSolution
		{5D75F41D-63A2-4904-ABF3-2A696333E037}.Debug|Any CPU.ActiveCfg = Debug|Any CPU
		{5D75F41D-63A2-4904-ABF3-2A696333E037}.Debug|Any CPU.Build.0 = Debug|Any CPU
		{5D75F41D-63A2-4904-ABF3-2A696333E037}.Release|Any CPU.ActiveCfg = Release|Any CPU
		{5D75F41D-63A2-4904-ABF3-2A696333E037}.Release|Any CPU.Build.0 = Release|Any CPU
		{68223EF8-1487-49DC-BF50-1A7F41979D5A}.Debug|Any CPU.ActiveCfg = Debug|Any CPU
		{68223EF8-1487-49DC-BF50-1A7F41979D5A}.Debug|Any CPU.Build.0 = Debug|Any CPU
		{68223EF8-1487-49DC-BF50-1A7F41979D5A}.Release|Any CPU.ActiveCfg = Release|Any CPU
		{68223EF8-1487-49DC-BF50-1A7F41979D5A}.Release|Any CPU.Build.0 = Release|Any CPU
	EndGlobalSection
	GlobalSection(SolutionProperties) = preSolution
		HideSolutionNode = FALSE
	EndGlobalSection
	GlobalSection(ExtensibilityGlobals) = postSolution
		SolutionGuid = {A82A834D-CFF5-46D4-B927-325E6F85C617}
	EndGlobalSection
EndGlobal
